// !$*UTF8*$!
{
	archiveVersion = 1;
	classes = {
	};
	objectVersion = 46;
	objects = {

/* Begin PBXBuildFile section */
		D2855F45194232E0004EDB90 /* AppDelegate.swift in Sources */ = {isa = PBXBuildFile; fileRef = D2855F44194232E0004EDB90 /* AppDelegate.swift */; };
		D2855F47194232E0004EDB90 /* ViewController.swift in Sources */ = {isa = PBXBuildFile; fileRef = D2855F46194232E0004EDB90 /* ViewController.swift */; };
		D2855F4A194232E0004EDB90 /* Main.storyboard in Resources */ = {isa = PBXBuildFile; fileRef = D2855F48194232E0004EDB90 /* Main.storyboard */; };
		D2855F4C194232E0004EDB90 /* Images.xcassets in Resources */ = {isa = PBXBuildFile; fileRef = D2855F4B194232E0004EDB90 /* Images.xcassets */; };
		D2855F58194232E0004EDB90 /* SwiftCalculatorTests.swift in Sources */ = {isa = PBXBuildFile; fileRef = D2855F57194232E0004EDB90 /* SwiftCalculatorTests.swift */; };
		D2855F6419438535004EDB90 /* Brain.swift in Sources */ = {isa = PBXBuildFile; fileRef = D2855F6319438535004EDB90 /* Brain.swift */; };
/* End PBXBuildFile section */

/* Begin PBXContainerItemProxy section */
		D2855F52194232E0004EDB90 /* PBXContainerItemProxy */ = {
			isa = PBXContainerItemProxy;
			containerPortal = D2855F37194232E0004EDB90 /* Project object */;
			proxyType = 1;
			remoteGlobalIDString = D2855F3E194232E0004EDB90;
			remoteInfo = SwiftCalculator;
		};
/* End PBXContainerItemProxy section */

/* Begin PBXFileReference section */
		D2855F3F194232E0004EDB90 /* SwiftCalculator.app */ = {isa = PBXFileReference; explicitFileType = wrapper.application; includeInIndex = 0; path = SwiftCalculator.app; sourceTree = BUILT_PRODUCTS_DIR; };
		D2855F43194232E0004EDB90 /* Info.plist */ = {isa = PBXFileReference; lastKnownFileType = text.plist.xml; path = Info.plist; sourceTree = "<group>"; };
		D2855F44194232E0004EDB90 /* AppDelegate.swift */ = {isa = PBXFileReference; lastKnownFileType = sourcecode.swift; path = AppDelegate.swift; sourceTree = "<group>"; };
		D2855F46194232E0004EDB90 /* ViewController.swift */ = {isa = PBXFileReference; lastKnownFileType = sourcecode.swift; path = ViewController.swift; sourceTree = "<group>"; };
		D2855F49194232E0004EDB90 /* Base */ = {isa = PBXFileReference; lastKnownFileType = file.storyboard; name = Base; path = Base.lproj/Main.storyboard; sourceTree = "<group>"; };
		D2855F4B194232E0004EDB90 /* Images.xcassets */ = {isa = PBXFileReference; lastKnownFileType = folder.assetcatalog; path = Images.xcassets; sourceTree = "<group>"; };
		D2855F51194232E0004EDB90 /* SwiftCalculatorTests.xctest */ = {isa = PBXFileReference; explicitFileType = wrapper.cfbundle; includeInIndex = 0; path = SwiftCalculatorTests.xctest; sourceTree = BUILT_PRODUCTS_DIR; };
		D2855F56194232E0004EDB90 /* Info.plist */ = {isa = PBXFileReference; lastKnownFileType = text.plist.xml; path = Info.plist; sourceTree = "<group>"; };
		D2855F57194232E0004EDB90 /* SwiftCalculatorTests.swift */ = {isa = PBXFileReference; lastKnownFileType = sourcecode.swift; path = SwiftCalculatorTests.swift; sourceTree = "<group>"; };
		D2855F6319438535004EDB90 /* Brain.swift */ = {isa = PBXFileReference; fileEncoding = 4; lastKnownFileType = sourcecode.swift; path = Brain.swift; sourceTree = "<group>"; };
/* End PBXFileReference section */

/* Begin PBXFrameworksBuildPhase section */
		D2855F3C194232E0004EDB90 /* Frameworks */ = {
			isa = PBXFrameworksBuildPhase;
			buildActionMask = 2147483647;
			files = (
			);
			runOnlyForDeploymentPostprocessing = 0;
		};
		D2855F4E194232E0004EDB90 /* Frameworks */ = {
			isa = PBXFrameworksBuildPhase;
			buildActionMask = 2147483647;
			files = (
			);
			runOnlyForDeploymentPostprocessing = 0;
		};
/* End PBXFrameworksBuildPhase section */

/* Begin PBXGroup section */
		D2855F36194232E0004EDB90 = {
			isa = PBXGroup;
			children = (
				D2855F41194232E0004EDB90 /* SwiftCalculator */,
				D2855F54194232E0004EDB90 /* SwiftCalculatorTests */,
				D2855F40194232E0004EDB90 /* Products */,
			);
			sourceTree = "<group>";
		};
		D2855F40194232E0004EDB90 /* Products */ = {
			isa = PBXGroup;
			children = (
				D2855F3F194232E0004EDB90 /* SwiftCalculator.app */,
				D2855F51194232E0004EDB90 /* SwiftCalculatorTests.xctest */,
			);
			name = Products;
			sourceTree = "<group>";
		};
		D2855F41194232E0004EDB90 /* SwiftCalculator */ = {
			isa = PBXGroup;
			children = (
				D2855F44194232E0004EDB90 /* AppDelegate.swift */,
				D2855F46194232E0004EDB90 /* ViewController.swift */,
				D2855F6319438535004EDB90 /* Brain.swift */,
				D2855F48194232E0004EDB90 /* Main.storyboard */,
				D2855F4B194232E0004EDB90 /* Images.xcassets */,
				D2855F42194232E0004EDB90 /* Supporting Files */,
			);
			path = SwiftCalculator;
			sourceTree = "<group>";
		};
		D2855F42194232E0004EDB90 /* Supporting Files */ = {
			isa = PBXGroup;
			children = (
				D2855F43194232E0004EDB90 /* Info.plist */,
			);
			name = "Supporting Files";
			sourceTree = "<group>";
		};
		D2855F54194232E0004EDB90 /* SwiftCalculatorTests */ = {
			isa = PBXGroup;
			children = (
				D2855F57194232E0004EDB90 /* SwiftCalculatorTests.swift */,
				D2855F55194232E0004EDB90 /* Supporting Files */,
			);
			path = SwiftCalculatorTests;
			sourceTree = "<group>";
		};
		D2855F55194232E0004EDB90 /* Supporting Files */ = {
			isa = PBXGroup;
			children = (
				D2855F56194232E0004EDB90 /* Info.plist */,
			);
			name = "Supporting Files";
			sourceTree = "<group>";
		};
/* End PBXGroup section */

/* Begin PBXNativeTarget section */
		D2855F3E194232E0004EDB90 /* SwiftCalculator */ = {
			isa = PBXNativeTarget;
			buildConfigurationList = D2855F5B194232E0004EDB90 /* Build configuration list for PBXNativeTarget "SwiftCalculator" */;
			buildPhases = (
				D2855F3B194232E0004EDB90 /* Sources */,
				D2855F3C194232E0004EDB90 /* Frameworks */,
				D2855F3D194232E0004EDB90 /* Resources */,
			);
			buildRules = (
			);
			dependencies = (
			);
			name = SwiftCalculator;
			productName = SwiftCalculator;
			productReference = D2855F3F194232E0004EDB90 /* SwiftCalculator.app */;
			productType = "com.apple.product-type.application";
		};
		D2855F50194232E0004EDB90 /* SwiftCalculatorTests */ = {
			isa = PBXNativeTarget;
			buildConfigurationList = D2855F5E194232E0004EDB90 /* Build configuration list for PBXNativeTarget "SwiftCalculatorTests" */;
			buildPhases = (
				D2855F4D194232E0004EDB90 /* Sources */,
				D2855F4E194232E0004EDB90 /* Frameworks */,
				D2855F4F194232E0004EDB90 /* Resources */,
			);
			buildRules = (
			);
			dependencies = (
				D2855F53194232E0004EDB90 /* PBXTargetDependency */,
			);
			name = SwiftCalculatorTests;
			productName = SwiftCalculatorTests;
			productReference = D2855F51194232E0004EDB90 /* SwiftCalculatorTests.xctest */;
			productType = "com.apple.product-type.bundle.unit-test";
		};
/* End PBXNativeTarget section */

/* Begin PBXProject section */
		D2855F37194232E0004EDB90 /* Project object */ = {
			isa = PBXProject;
			attributes = {
				LastUpgradeCheck = 0600;
				ORGANIZATIONNAME = Handstream;
				TargetAttributes = {
					D2855F3E194232E0004EDB90 = {
						CreatedOnToolsVersion = 6.0;
					};
					D2855F50194232E0004EDB90 = {
						CreatedOnToolsVersion = 6.0;
						TestTargetID = D2855F3E194232E0004EDB90;
					};
				};
			};
			buildConfigurationList = D2855F3A194232E0004EDB90 /* Build configuration list for PBXProject "SwiftCalculator" */;
			compatibilityVersion = "Xcode 3.2";
			developmentRegion = English;
			hasScannedForEncodings = 0;
			knownRegions = (
				en,
				Base,
			);
			mainGroup = D2855F36194232E0004EDB90;
			productRefGroup = D2855F40194232E0004EDB90 /* Products */;
			projectDirPath = "";
			projectRoot = "";
			targets = (
				D2855F3E194232E0004EDB90 /* SwiftCalculator */,
				D2855F50194232E0004EDB90 /* SwiftCalculatorTests */,
			);
		};
/* End PBXProject section */

/* Begin PBXResourcesBuildPhase section */
		D2855F3D194232E0004EDB90 /* Resources */ = {
			isa = PBXResourcesBuildPhase;
			buildActionMask = 2147483647;
			files = (
				D2855F4A194232E0004EDB90 /* Main.storyboard in Resources */,
				D2855F4C194232E0004EDB90 /* Images.xcassets in Resources */,
			);
			runOnlyForDeploymentPostprocessing = 0;
		};
		D2855F4F194232E0004EDB90 /* Resources */ = {
			isa = PBXResourcesBuildPhase;
			buildActionMask = 2147483647;
			files = (
			);
			runOnlyForDeploymentPostprocessing = 0;
		};
/* End PBXResourcesBuildPhase section */

/* Begin PBXSourcesBuildPhase section */
		D2855F3B194232E0004EDB90 /* Sources */ = {
			isa = PBXSourcesBuildPhase;
			buildActionMask = 2147483647;
			files = (
				D2855F47194232E0004EDB90 /* ViewController.swift in Sources */,
				D2855F6419438535004EDB90 /* Brain.swift in Sources */,
				D2855F45194232E0004EDB90 /* AppDelegate.swift in Sources */,
			);
			runOnlyForDeploymentPostprocessing = 0;
		};
		D2855F4D194232E0004EDB90 /* Sources */ = {
			isa = PBXSourcesBuildPhase;
			buildActionMask = 2147483647;
			files = (
				D2855F58194232E0004EDB90 /* SwiftCalculatorTests.swift in Sources */,
			);
			runOnlyForDeploymentPostprocessing = 0;
		};
/* End PBXSourcesBuildPhase section */

/* Begin PBXTargetDependency section */
		D2855F53194232E0004EDB90 /* PBXTargetDependency */ = {
			isa = PBXTargetDependency;
			target = D2855F3E194232E0004EDB90 /* SwiftCalculator */;
			targetProxy = D2855F52194232E0004EDB90 /* PBXContainerItemProxy */;
		};
/* End PBXTargetDependency section */

/* Begin PBXVariantGroup section */
		D2855F48194232E0004EDB90 /* Main.storyboard */ = {
			isa = PBXVariantGroup;
			children = (
				D2855F49194232E0004EDB90 /* Base */,
			);
			name = Main.storyboard;
			sourceTree = "<group>";
		};
/* End PBXVariantGroup section */

/* Begin XCBuildConfiguration section */
		D2855F59194232E0004EDB90 /* Debug */ = {
			isa = XCBuildConfiguration;
			buildSettings = {
				ALWAYS_SEARCH_USER_PATHS = NO;
				CLANG_CXX_LANGUAGE_STANDARD = "gnu++0x";
				CLANG_CXX_LIBRARY = "libc++";
				CLANG_ENABLE_MODULES = YES;
				CLANG_ENABLE_OBJC_ARC = YES;
				CLANG_WARN_BOOL_CONVERSION = YES;
				CLANG_WARN_CONSTANT_CONVERSION = YES;
				CLANG_WARN_DIRECT_OBJC_ISA_USAGE = YES_ERROR;
				CLANG_WARN_EMPTY_BODY = YES;
				CLANG_WARN_ENUM_CONVERSION = YES;
				CLANG_WARN_INT_CONVERSION = YES;
				CLANG_WARN_OBJC_ROOT_CLASS = YES_ERROR;
				CLANG_WARN_UNREACHABLE_CODE = YES;
				CLANG_WARN__DUPLICATE_METHOD_MATCH = YES;
				"CODE_SIGN_IDENTITY[sdk=iphoneos*]" = "iPhone Developer";
				COPY_PHASE_STRIP = NO;
				ENABLE_STRICT_OBJC_MSGSEND = YES;
				GCC_C_LANGUAGE_STANDARD = gnu99;
				GCC_DYNAMIC_NO_PIC = NO;
				GCC_OPTIMIZATION_LEVEL = 0;
				GCC_PREPROCESSOR_DEFINITIONS = (
					"DEBUG=1",
					"$(inherited)",
				);
				GCC_SYMBOLS_PRIVATE_EXTERN = NO;
				GCC_WARN_64_TO_32_BIT_CONVERSION = YES;
				GCC_WARN_ABOUT_RETURN_TYPE = YES_ERROR;
				GCC_WARN_UNDECLARED_SELECTOR = YES;
				GCC_WARN_UNINITIALIZED_AUTOS = YES_AGGRESSIVE;
				GCC_WARN_UNUSED_FUNCTION = YES;
				GCC_WARN_UNUSED_VARIABLE = YES;
				IPHONEOS_DEPLOYMENT_TARGET = 8.0;
				METAL_ENABLE_DEBUG_INFO = YES;
				ONLY_ACTIVE_ARCH = YES;
				SDKROOT = iphoneos;
				SWIFT_OPTIMIZATION_LEVEL = "-Onone";
			};
			name = Debug;
		};
		D2855F5A194232E0004EDB90 /* Release */ = {
			isa = XCBuildConfiguration;
			buildSettings = {
				ALWAYS_SEARCH_USER_PATHS = NO;
				CLANG_CXX_LANGUAGE_STANDARD = "gnu++0x";
				CLANG_CXX_LIBRARY = "libc++";
				CLANG_ENABLE_MODULES = YES;
				CLANG_ENABLE_OBJC_ARC = YES;
				CLANG_WARN_BOOL_CONVERSION = YES;
				CLANG_WARN_CONSTANT_CONVERSION = YES;
				CLANG_WARN_DIRECT_OBJC_ISA_USAGE = YES_ERROR;
				CLANG_WARN_EMPTY_BODY = YES;
				CLANG_WARN_ENUM_CONVERSION = YES;
				CLANG_WARN_INT_CONVERSION = YES;
				CLANG_WARN_OBJC_ROOT_CLASS = YES_ERROR;
				CLANG_WARN_UNREACHABLE_CODE = YES;
				CLANG_WARN__DUPLICATE_METHOD_MATCH = YES;
				"CODE_SIGN_IDENTITY[sdk=iphoneos*]" = "iPhone Developer";
				COPY_PHASE_STRIP = YES;
				ENABLE_NS_ASSERTIONS = NO;
				ENABLE_STRICT_OBJC_MSGSEND = YES;
				GCC_C_LANGUAGE_STANDARD = gnu99;
				GCC_WARN_64_TO_32_BIT_CONVERSION = YES;
				GCC_WARN_ABOUT_RETURN_TYPE = YES_ERROR;
				GCC_WARN_UNDECLARED_SELECTOR = YES;
				GCC_WARN_UNINITIALIZED_AUTOS = YES_AGGRESSIVE;
				GCC_WARN_UNUSED_FUNCTION = YES;
				GCC_WARN_UNUSED_VARIABLE = YES;
				IPHONEOS_DEPLOYMENT_TARGET = 8.0;
				METAL_ENABLE_DEBUG_INFO = NO;
				SDKROOT = iphoneos;
				VALIDATE_PRODUCT = YES;
			};
			name = Release;
		};
		D2855F5C194232E0004EDB90 /* Debug */ = {
			isa = XCBuildConfiguration;
			buildSettings = {
				ASSETCATALOG_COMPILER_APPICON_NAME = AppIcon;
				ASSETCATALOG_COMPILER_LAUNCHIMAGE_NAME = LaunchImage;
				INFOPLIST_FILE = SwiftCalculator/Info.plist;
				LD_RUNPATH_SEARCH_PATHS = "$(inherited) @executable_path/Frameworks";
				PRODUCT_NAME = "$(TARGET_NAME)";
			};
			name = Debug;
		};
		D2855F5D194232E0004EDB90 /* Release */ = {
			isa = XCBuildConfiguration;
			buildSettings = {
				ASSETCATALOG_COMPILER_APPICON_NAME = AppIcon;
				ASSETCATALOG_COMPILER_LAUNCHIMAGE_NAME = LaunchImage;
				INFOPLIST_FILE = SwiftCalculator/Info.plist;
				LD_RUNPATH_SEARCH_PATHS = "$(inherited) @executable_path/Frameworks";
				PRODUCT_NAME = "$(TARGET_NAME)";
			};
			name = Release;
		};
		D2855F5F194232E0004EDB90 /* Debug */ = {
			isa = XCBuildConfiguration;
			buildSettings = {
				BUNDLE_LOADER = "$(BUILT_PRODUCTS_DIR)/SwiftCalculator.app/SwiftCalculator";
				FRAMEWORK_SEARCH_PATHS = (
					"$(SDKROOT)/Developer/Library/Frameworks",
					"$(inherited)",
				);
				GCC_PREPROCESSOR_DEFINITIONS = (
					"DEBUG=1",
					"$(inherited)",
				);
				INFOPLIST_FILE = SwiftCalculatorTests/Info.plist;
				LD_RUNPATH_SEARCH_PATHS = "$(inherited) @executable_path/Frameworks @loader_path/Frameworks";
				METAL_ENABLE_DEBUG_INFO = YES;
				PRODUCT_NAME = "$(TARGET_NAME)";
				TEST_HOST = "$(BUNDLE_LOADER)";
			};
			name = Debug;
		};
		D2855F60194232E0004EDB90 /* Release */ = {
			isa = XCBuildConfiguration;
			buildSettings = {
				BUNDLE_LOADER = "$(BUILT_PRODUCTS_DIR)/SwiftCalculator.app/SwiftCalculator";
				FRAMEWORK_SEARCH_PATHS = (
					"$(SDKROOT)/Developer/Library/Frameworks",
					"$(inherited)",
				);
				INFOPLIST_FILE = SwiftCalculatorTests/Info.plist;
				LD_RUNPATH_SEARCH_PATHS = "$(inherited) @executable_path/Frameworks @loader_path/Frameworks";
				METAL_ENABLE_DEBUG_INFO = NO;
				PRODUCT_NAME = "$(TARGET_NAME)";
				TEST_HOST = "$(BUNDLE_LOADER)";
			};
			name = Release;
		};
/* End XCBuildConfiguration section */

/* Begin XCConfigurationList section */
		D2855F3A194232E0004EDB90 /* Build configuration list for PBXProject "SwiftCalculator" */ = {
			isa = XCConfigurationList;
			buildConfigurations = (
				D2855F59194232E0004EDB90 /* Debug */,
				D2855F5A194232E0004EDB90 /* Release */,
			);
			defaultConfigurationIsVisible = 0;
			defaultConfigurationName = Release;
		};
		D2855F5B194232E0004EDB90 /* Build configuration list for PBXNativeTarget "SwiftCalculator" */ = {
			isa = XCConfigurationList;
			buildConfigurations = (
				D2855F5C194232E0004EDB90 /* Debug */,
				D2855F5D194232E0004EDB90 /* Release */,
			);
			defaultConfigurationIsVisible = 0;
			defaultConfigurationName = Release;
		};
		D2855F5E194232E0004EDB90 /* Build configuration list for PBXNativeTarget "SwiftCalculatorTests" */ = {
			isa = XCConfigurationList;
			buildConfigurations = (
				D2855F5F194232E0004EDB90 /* Debug */,
				D2855F60194232E0004EDB90 /* Release */,
			);
			defaultConfigurationIsVisible = 0;
			defaultConfigurationName = Release;
		};
/* End XCConfigurationList section */
	};
	rootObject = D2855F37194232E0004EDB90 /* Project object */;
}
